<?xml version="1.0" encoding="utf-8"?>
<Project ToolsVersion="4.0" xmlns="http://schemas.microsoft.com/developer/msbuild/2003">
  <ItemGroup>
    <Filter Include="资源文件">
      <UniqueIdentifier>{67DA6AB6-F800-4c08-8B7A-83BB121AAD01}</UniqueIdentifier>
      <Extensions>rc;ico;cur;bmp;dlg;rc2;rct;bin;rgs;gif;jpg;jpeg;jpe;resx;tiff;tif;png;wav;mfcribbon-ms</Extensions>
    </Filter>
    <Filter Include="Main">
      <UniqueIdentifier>{cbe3ee2b-9304-4d66-8d16-bd54811fd670}</UniqueIdentifier>
    </Filter>
    <Filter Include="Common">
      <UniqueIdentifier>{9f4525f6-f0bd-4211-a194-8393be6ca185}</UniqueIdentifier>
    </Filter>
    <Filter Include="Common\XML">
      <UniqueIdentifier>{dcc7cdb4-f2bd-46e1-8e24-f4e522b462d5}</UniqueIdentifier>
    </Filter>
    <Filter Include="Code">
      <UniqueIdentifier>{a2a8e219-d11f-4e7f-bb06-74757c6a1d5c}</UniqueIdentifier>
    </Filter>
  </ItemGroup>
  <ItemGroup>
    <None Include="ReadMe.txt" />
  </ItemGroup>
  <ItemGroup>
    <ClInclude Include="stdafx.h">
      <Filter>Main</Filter>
    </ClInclude>
    <ClInclude Include="targetver.h">
      <Filter>Main</Filter>
    </ClInclude>
    <ClInclude Include="..\Logic\BaseDef.h">
      <Filter>Common</Filter>
    </ClInclude>
    <ClInclude Include="..\Logic\cmd.h">
      <Filter>Common</Filter>
    </ClInclude>
    <ClInclude Include="..\Logic\fileLog.h">
      <Filter>Common</Filter>
    </ClInclude>
    <ClInclude Include="..\Logic\Log.h">
      <Filter>Common</Filter>
    </ClInclude>
    <ClInclude Include="..\Logic\logImp.h">
      <Filter>Common</Filter>
    </ClInclude>
    <ClInclude Include="..\Logic\StrFun.h">
      <Filter>Common</Filter>
    </ClInclude>
    <ClInclude Include="..\Logic\StringFun.h">
      <Filter>Common</Filter>
    </ClInclude>
    <ClInclude Include="..\Logic\SystemConfig.h">
      <Filter>Common</Filter>
    </ClInclude>
    <ClInclude Include="..\Logic\WinFun.h">
      <Filter>Common</Filter>
    </ClInclude>
    <ClInclude Include="..\Logic\XML\tinystr.h">
      <Filter>Common\XML</Filter>
    </ClInclude>
    <ClInclude Include="..\Logic\XML\tinyxml.h">
      <Filter>Common\XML</Filter>
    </ClInclude>
    <ClInclude Include="Code\TabelImpl.h">
      <Filter>Code</Filter>
    </ClInclude>
    <ClInclude Include="Code\TableCSharp.h">
      <Filter>Code</Filter>
    </ClInclude>
    <ClInclude Include="Code\TableJava.h">
      <Filter>Code</Filter>
    </ClInclude>
    <ClInclude Include="Tabdef.h" />
  </ItemGroup>
  <ItemGroup>
    <ClCompile Include="PlistTableCode.cpp">
      <Filter>Main</Filter>
    </ClCompile>
    <ClCompile Include="stdafx.cpp">
      <Filter>Main</Filter>
    </ClCompile>
    <ClCompile Include="..\Logic\cmd.cpp">
      <Filter>Common</Filter>
    </ClCompile>
    <ClCompile Include="..\Logic\fileLog.cpp">
      <Filter>Common</Filter>
    </ClCompile>
    <ClCompile Include="..\Logic\Log.cpp">
      <Filter>Common</Filter>
    </ClCompile>
    <ClCompile Include="..\Logic\logImp.cpp">
      <Filter>Common</Filter>
    </ClCompile>
    <ClCompile Include="..\Logic\StrFun.cpp">
      <Filter>Common</Filter>
    </ClCompile>
    <ClCompile Include="..\Logic\StringFun.cpp">
      <Filter>Common</Filter>
    </ClCompile>
    <ClCompile Include="..\Logic\SystemConfig.cpp">
      <Filter>Common</Filter>
    </ClCompile>
    <ClCompile Include="..\Logic\WinFun.cpp">
      <Filter>Common</Filter>
    </ClCompile>
    <ClCompile Include="..\Logic\XML\tinystr.cpp">
      <Filter>Common\XML</Filter>
    </ClCompile>
    <ClCompile Include="..\Logic\XML\tinyxml.cpp">
      <Filter>Common\XML</Filter>
    </ClCompile>
    <ClCompile Include="..\Logic\XML\tinyxmlerror.cpp">
      <Filter>Common\XML</Filter>
    </ClCompile>
    <ClCompile Include="..\Logic\XML\tinyxmlparser.cpp">
      <Filter>Common\XML</Filter>
    </ClCompile>
    <ClCompile Include="Code\TabelImpl.cpp">
      <Filter>Code</Filter>
    </ClCompile>
    <ClCompile Include="Code\TableCSharp.cpp">
      <Filter>Code</Filter>
    </ClCompile>
    <ClCompile Include="Code\TableJava.cpp">
      <Filter>Code</Filter>
    </ClCompile>
  </ItemGroup>
</Project>