
Microsoft Visual Studio Solution File, Format Version 12.00
# Visual Studio 15
Project("{FAE04EC0-301F-11D3-BF4B-00C04F79EFBC}") = "Assembly-CSharp", "Assembly-CSharp.csproj", "{32988287-0F5C-9FC9-E1C9-7C9DB536E717}"
EndProject
Project("{FAE04EC0-301F-11D3-BF4B-00C04F79EFBC}") = "AstarPathfindingProject", "AstarPathfindingProject.csproj", "{C33D550B-1B5E-DE0C-CD81-7F81831AC4BE}"
EndProject
Project("{FAE04EC0-301F-11D3-BF4B-00C04F79EFBC}") = "PathCreator", "PathCreator.csproj", "{5B4D2F5C-2649-E940-E786-CA5792F3EAA8}"
EndProject
Project("{FAE04EC0-301F-11D3-BF4B-00C04F79EFBC}") = "AstarPathfindingProjectEditor", "AstarPathfindingProjectEditor.csproj", "{02F26AB8-D5D9-B260-A101-1457772464EE}"
EndProject
Project("{FAE04EC0-301F-11D3-BF4B-00C04F79EFBC}") = "PathCreatorEditor", "PathCreatorEditor.csproj", "{B7B4B68D-8969-D757-7B1A-929C4A8A5822}"
EndProject
Project("{FAE04EC0-301F-11D3-BF4B-00C04F79EFBC}") = "PackageToolsEditor", "PackageToolsEditor.csproj", "{4C9651E0-37C0-BCD6-318E-9A213E328A29}"
EndProject
Project("{FAE04EC0-301F-11D3-BF4B-00C04F79EFBC}") = "Assembly-CSharp-Editor", "Assembly-CSharp-Editor.csproj", "{2E15E8F9-3B03-BBFF-FE6B-F63CDDABE0C0}"
EndProject
Global
	GlobalSection(SolutionConfigurationPlatforms) = preSolution
		Debug|Any CPU = Debug|Any CPU
		Release|Any CPU = Release|Any CPU
	EndGlobalSection
	GlobalSection(ProjectConfigurationPlatforms) = postSolution
		{32988287-0F5C-9FC9-E1C9-7C9DB536E717}.Debug|Any CPU.ActiveCfg = Debug|Any CPU
		{32988287-0F5C-9FC9-E1C9-7C9DB536E717}.Debug|Any CPU.Build.0 = Debug|Any CPU
		{32988287-0F5C-9FC9-E1C9-7C9DB536E717}.Release|Any CPU.ActiveCfg = Release|Any CPU
		{32988287-0F5C-9FC9-E1C9-7C9DB536E717}.Release|Any CPU.Build.0 = Release|Any CPU
		{C33D550B-1B5E-DE0C-CD81-7F81831AC4BE}.Debug|Any CPU.ActiveCfg = Debug|Any CPU
		{C33D550B-1B5E-DE0C-CD81-7F81831AC4BE}.Debug|Any CPU.Build.0 = Debug|Any CPU
		{C33D550B-1B5E-DE0C-CD81-7F81831AC4BE}.Release|Any CPU.ActiveCfg = Release|Any CPU
		{C33D550B-1B5E-DE0C-CD81-7F81831AC4BE}.Release|Any CPU.Build.0 = Release|Any CPU
		{5B4D2F5C-2649-E940-E786-CA5792F3EAA8}.Debug|Any CPU.ActiveCfg = Debug|Any CPU
		{5B4D2F5C-2649-E940-E786-CA5792F3EAA8}.Debug|Any CPU.Build.0 = Debug|Any CPU
		{5B4D2F5C-2649-E940-E786-CA5792F3EAA8}.Release|Any CPU.ActiveCfg = Release|Any CPU
		{5B4D2F5C-2649-E940-E786-CA5792F3EAA8}.Release|Any CPU.Build.0 = Release|Any CPU
		{02F26AB8-D5D9-B260-A101-1457772464EE}.Debug|Any CPU.ActiveCfg = Debug|Any CPU
		{02F26AB8-D5D9-B260-A101-1457772464EE}.Debug|Any CPU.Build.0 = Debug|Any CPU
		{02F26AB8-D5D9-B260-A101-1457772464EE}.Release|Any CPU.ActiveCfg = Release|Any CPU
		{02F26AB8-D5D9-B260-A101-1457772464EE}.Release|Any CPU.Build.0 = Release|Any CPU
		{B7B4B68D-8969-D757-7B1A-929C4A8A5822}.Debug|Any CPU.ActiveCfg = Debug|Any CPU
		{B7B4B68D-8969-D757-7B1A-929C4A8A5822}.Debug|Any CPU.Build.0 = Debug|Any CPU
		{B7B4B68D-8969-D757-7B1A-929C4A8A5822}.Release|Any CPU.ActiveCfg = Release|Any CPU
		{B7B4B68D-8969-D757-7B1A-929C4A8A5822}.Release|Any CPU.Build.0 = Release|Any CPU
		{4C9651E0-37C0-BCD6-318E-9A213E328A29}.Debug|Any CPU.ActiveCfg = Debug|Any CPU
		{4C9651E0-37C0-BCD6-318E-9A213E328A29}.Debug|Any CPU.Build.0 = Debug|Any CPU
		{4C9651E0-37C0-BCD6-318E-9A213E328A29}.Release|Any CPU.ActiveCfg = Release|Any CPU
		{4C9651E0-37C0-BCD6-318E-9A213E328A29}.Release|Any CPU.Build.0 = Release|Any CPU
		{2E15E8F9-3B03-BBFF-FE6B-F63CDDABE0C0}.Debug|Any CPU.ActiveCfg = Debug|Any CPU
		{2E15E8F9-3B03-BBFF-FE6B-F63CDDABE0C0}.Debug|Any CPU.Build.0 = Debug|Any CPU
		{2E15E8F9-3B03-BBFF-FE6B-F63CDDABE0C0}.Release|Any CPU.ActiveCfg = Release|Any CPU
		{2E15E8F9-3B03-BBFF-FE6B-F63CDDABE0C0}.Release|Any CPU.Build.0 = Release|Any CPU
	EndGlobalSection
	GlobalSection(SolutionProperties) = preSolution
		HideSolutionNode = FALSE
	EndGlobalSection
EndGlobal
